// !$*UTF8*$!
{
	archiveVersion = 1;
	classes = {
	};
	objectVersion = 46;
	objects = {

/* Begin PBXBuildFile section */
		9AE1353E1B26B0D500341E42 /* main.m in Sources */ = {isa = PBXBuildFile; fileRef = 9AE1353D1B26B0D500341E42 /* main.m */; };
		9AE135411B26B0D500341E42 /* AppDelegate.m in Sources */ = {isa = PBXBuildFile; fileRef = 9AE135401B26B0D500341E42 /* AppDelegate.m */; };
		9AE135471B26B0D500341E42 /* Main.storyboard in Resources */ = {isa = PBXBuildFile; fileRef = 9AE135451B26B0D500341E42 /* Main.storyboard */; };
		9AE135491B26B0D500341E42 /* Images.xcassets in Resources */ = {isa = PBXBuildFile; fileRef = 9AE135481B26B0D500341E42 /* Images.xcassets */; };
		9AE1354C1B26B0D500341E42 /* LaunchScreen.xib in Resources */ = {isa = PBXBuildFile; fileRef = 9AE1354A1B26B0D500341E42 /* LaunchScreen.xib */; };
		9AE135581B26B0D500341E42 /* BlisstagramTests.m in Sources */ = {isa = PBXBuildFile; fileRef = 9AE135571B26B0D500341E42 /* BlisstagramTests.m */; };
		9AE1359C1B2771FA00341E42 /* Bolts.framework in Frameworks */ = {isa = PBXBuildFile; fileRef = 9AE1359A1B2771FA00341E42 /* Bolts.framework */; };
		9AE1359D1B2771FA00341E42 /* Parse.framework in Frameworks */ = {isa = PBXBuildFile; fileRef = 9AE1359B1B2771FA00341E42 /* Parse.framework */; };
		9AE1359F1B27723000341E42 /* AudioToolbox.framework in Frameworks */ = {isa = PBXBuildFile; fileRef = 9AE1359E1B27723000341E42 /* AudioToolbox.framework */; };
		9AE135A11B27724100341E42 /* CFNetwork.framework in Frameworks */ = {isa = PBXBuildFile; fileRef = 9AE135A01B27724100341E42 /* CFNetwork.framework */; };
		9AE135A31B27725300341E42 /* CoreGraphics.framework in Frameworks */ = {isa = PBXBuildFile; fileRef = 9AE135A21B27725300341E42 /* CoreGraphics.framework */; };
		9AE135A51B27726400341E42 /* CoreLocation.framework in Frameworks */ = {isa = PBXBuildFile; fileRef = 9AE135A41B27726400341E42 /* CoreLocation.framework */; };
		9AE135A71B27727D00341E42 /* MobileCoreServices.framework in Frameworks */ = {isa = PBXBuildFile; fileRef = 9AE135A61B27727D00341E42 /* MobileCoreServices.framework */; };
		9AE135A91B27728900341E42 /* QuartzCore.framework in Frameworks */ = {isa = PBXBuildFile; fileRef = 9AE135A81B27728900341E42 /* QuartzCore.framework */; };
		9AE135AB1B27729100341E42 /* Security.framework in Frameworks */ = {isa = PBXBuildFile; fileRef = 9AE135AA1B27729100341E42 /* Security.framework */; };
		9AE135AD1B27729A00341E42 /* StoreKit.framework in Frameworks */ = {isa = PBXBuildFile; fileRef = 9AE135AC1B27729A00341E42 /* StoreKit.framework */; };
		9AE135AF1B2772A400341E42 /* SystemConfiguration.framework in Frameworks */ = {isa = PBXBuildFile; fileRef = 9AE135AE1B2772A400341E42 /* SystemConfiguration.framework */; };
		9AE135B11B2772AD00341E42 /* libz.dylib in Frameworks */ = {isa = PBXBuildFile; fileRef = 9AE135B01B2772AD00341E42 /* libz.dylib */; };
		9AE135B31B2772C700341E42 /* libsqlite3.dylib in Frameworks */ = {isa = PBXBuildFile; fileRef = 9AE135B21B2772C700341E42 /* libsqlite3.dylib */; };
		9AE135C11B27A3AB00341E42 /* ParseUI.framework in Frameworks */ = {isa = PBXBuildFile; fileRef = 9AE135C01B27A3AB00341E42 /* ParseUI.framework */; };
		9AE135C41B27A3D200341E42 /* HomeFeedTableViewController.m in Sources */ = {isa = PBXBuildFile; fileRef = 9AE135C31B27A3D200341E42 /* HomeFeedTableViewController.m */; };
		9AE135C71B27B56100341E42 /* MainFeedTableViewCell.m in Sources */ = {isa = PBXBuildFile; fileRef = 9AE135C61B27B56100341E42 /* MainFeedTableViewCell.m */; };
/* End PBXBuildFile section */

/* Begin PBXContainerItemProxy section */
		9AE135521B26B0D500341E42 /* PBXContainerItemProxy */ = {
			isa = PBXContainerItemProxy;
			containerPortal = 9AE135301B26B0D500341E42 /* Project object */;
			proxyType = 1;
			remoteGlobalIDString = 9AE135371B26B0D500341E42;
			remoteInfo = Blisstagram;
		};
/* End PBXContainerItemProxy section */

/* Begin PBXFileReference section */
		9A8C82DD1B27D7A700C659AB /* Info.plist */ = {isa = PBXFileReference; fileEncoding = 4; lastKnownFileType = text.plist.xml; path = Info.plist; sourceTree = "<group>"; };
		9AE135381B26B0D500341E42 /* Blisstagram.app */ = {isa = PBXFileReference; explicitFileType = wrapper.application; includeInIndex = 0; path = Blisstagram.app; sourceTree = BUILT_PRODUCTS_DIR; };
		9AE1353C1B26B0D500341E42 /* Info.plist */ = {isa = PBXFileReference; lastKnownFileType = text.plist.xml; path = Info.plist; sourceTree = "<group>"; };
		9AE1353D1B26B0D500341E42 /* main.m */ = {isa = PBXFileReference; lastKnownFileType = sourcecode.c.objc; path = main.m; sourceTree = "<group>"; };
		9AE1353F1B26B0D500341E42 /* AppDelegate.h */ = {isa = PBXFileReference; lastKnownFileType = sourcecode.c.h; path = AppDelegate.h; sourceTree = "<group>"; };
		9AE135401B26B0D500341E42 /* AppDelegate.m */ = {isa = PBXFileReference; lastKnownFileType = sourcecode.c.objc; path = AppDelegate.m; sourceTree = "<group>"; };
		9AE135461B26B0D500341E42 /* Base */ = {isa = PBXFileReference; lastKnownFileType = file.storyboard; name = Base; path = Base.lproj/Main.storyboard; sourceTree = "<group>"; };
		9AE135481B26B0D500341E42 /* Images.xcassets */ = {isa = PBXFileReference; lastKnownFileType = folder.assetcatalog; path = Images.xcassets; sourceTree = "<group>"; };
		9AE1354B1B26B0D500341E42 /* Base */ = {isa = PBXFileReference; lastKnownFileType = file.xib; name = Base; path = Base.lproj/LaunchScreen.xib; sourceTree = "<group>"; };
		9AE135511B26B0D500341E42 /* BlisstagramTests.xctest */ = {isa = PBXFileReference; explicitFileType = wrapper.cfbundle; includeInIndex = 0; path = BlisstagramTests.xctest; sourceTree = BUILT_PRODUCTS_DIR; };
		9AE135571B26B0D500341E42 /* BlisstagramTests.m */ = {isa = PBXFileReference; lastKnownFileType = sourcecode.c.objc; path = BlisstagramTests.m; sourceTree = "<group>"; };
		9AE1359A1B2771FA00341E42 /* Bolts.framework */ = {isa = PBXFileReference; lastKnownFileType = wrapper.framework; path = Bolts.framework; sourceTree = "<group>"; };
		9AE1359B1B2771FA00341E42 /* Parse.framework */ = {isa = PBXFileReference; lastKnownFileType = wrapper.framework; path = Parse.framework; sourceTree = "<group>"; };
		9AE1359E1B27723000341E42 /* AudioToolbox.framework */ = {isa = PBXFileReference; lastKnownFileType = wrapper.framework; name = AudioToolbox.framework; path = System/Library/Frameworks/AudioToolbox.framework; sourceTree = SDKROOT; };
		9AE135A01B27724100341E42 /* CFNetwork.framework */ = {isa = PBXFileReference; lastKnownFileType = wrapper.framework; name = CFNetwork.framework; path = System/Library/Frameworks/CFNetwork.framework; sourceTree = SDKROOT; };
		9AE135A21B27725300341E42 /* CoreGraphics.framework */ = {isa = PBXFileReference; lastKnownFileType = wrapper.framework; name = CoreGraphics.framework; path = System/Library/Frameworks/CoreGraphics.framework; sourceTree = SDKROOT; };
		9AE135A41B27726400341E42 /* CoreLocation.framework */ = {isa = PBXFileReference; lastKnownFileType = wrapper.framework; name = CoreLocation.framework; path = System/Library/Frameworks/CoreLocation.framework; sourceTree = SDKROOT; };
		9AE135A61B27727D00341E42 /* MobileCoreServices.framework */ = {isa = PBXFileReference; lastKnownFileType = wrapper.framework; name = MobileCoreServices.framework; path = System/Library/Frameworks/MobileCoreServices.framework; sourceTree = SDKROOT; };
		9AE135A81B27728900341E42 /* QuartzCore.framework */ = {isa = PBXFileReference; lastKnownFileType = wrapper.framework; name = QuartzCore.framework; path = System/Library/Frameworks/QuartzCore.framework; sourceTree = SDKROOT; };
		9AE135AA1B27729100341E42 /* Security.framework */ = {isa = PBXFileReference; lastKnownFileType = wrapper.framework; name = Security.framework; path = System/Library/Frameworks/Security.framework; sourceTree = SDKROOT; };
		9AE135AC1B27729A00341E42 /* StoreKit.framework */ = {isa = PBXFileReference; lastKnownFileType = wrapper.framework; name = StoreKit.framework; path = System/Library/Frameworks/StoreKit.framework; sourceTree = SDKROOT; };
		9AE135AE1B2772A400341E42 /* SystemConfiguration.framework */ = {isa = PBXFileReference; lastKnownFileType = wrapper.framework; name = SystemConfiguration.framework; path = System/Library/Frameworks/SystemConfiguration.framework; sourceTree = SDKROOT; };
		9AE135B01B2772AD00341E42 /* libz.dylib */ = {isa = PBXFileReference; lastKnownFileType = "compiled.mach-o.dylib"; name = libz.dylib; path = usr/lib/libz.dylib; sourceTree = SDKROOT; };
		9AE135B21B2772C700341E42 /* libsqlite3.dylib */ = {isa = PBXFileReference; lastKnownFileType = "compiled.mach-o.dylib"; name = libsqlite3.dylib; path = usr/lib/libsqlite3.dylib; sourceTree = SDKROOT; };
		9AE135C01B27A3AB00341E42 /* ParseUI.framework */ = {isa = PBXFileReference; lastKnownFileType = wrapper.framework; path = ParseUI.framework; sourceTree = "<group>"; };
		9AE135C21B27A3D200341E42 /* HomeFeedTableViewController.h */ = {isa = PBXFileReference; fileEncoding = 4; lastKnownFileType = sourcecode.c.h; name = HomeFeedTableViewController.h; path = ../HomeFeedTableViewController.h; sourceTree = "<group>"; };
		9AE135C31B27A3D200341E42 /* HomeFeedTableViewController.m */ = {isa = PBXFileReference; fileEncoding = 4; lastKnownFileType = sourcecode.c.objc; name = HomeFeedTableViewController.m; path = ../HomeFeedTableViewController.m; sourceTree = "<group>"; };
		9AE135C51B27B56100341E42 /* MainFeedTableViewCell.h */ = {isa = PBXFileReference; fileEncoding = 4; lastKnownFileType = sourcecode.c.h; path = MainFeedTableViewCell.h; sourceTree = "<group>"; };
		9AE135C61B27B56100341E42 /* MainFeedTableViewCell.m */ = {isa = PBXFileReference; fileEncoding = 4; lastKnownFileType = sourcecode.c.objc; path = MainFeedTableViewCell.m; sourceTree = "<group>"; };
/* End PBXFileReference section */

/* Begin PBXFrameworksBuildPhase section */
		9AE135351B26B0D500341E42 /* Frameworks */ = {
			isa = PBXFrameworksBuildPhase;
			buildActionMask = 2147483647;
			files = (
				9AE135B31B2772C700341E42 /* libsqlite3.dylib in Frameworks */,
				9AE135B11B2772AD00341E42 /* libz.dylib in Frameworks */,
				9AE135C11B27A3AB00341E42 /* ParseUI.framework in Frameworks */,
				9AE135AF1B2772A400341E42 /* SystemConfiguration.framework in Frameworks */,
				9AE135AD1B27729A00341E42 /* StoreKit.framework in Frameworks */,
				9AE135AB1B27729100341E42 /* Security.framework in Frameworks */,
				9AE135A91B27728900341E42 /* QuartzCore.framework in Frameworks */,
				9AE135A71B27727D00341E42 /* MobileCoreServices.framework in Frameworks */,
				9AE135A51B27726400341E42 /* CoreLocation.framework in Frameworks */,
				9AE135A31B27725300341E42 /* CoreGraphics.framework in Frameworks */,
				9AE135A11B27724100341E42 /* CFNetwork.framework in Frameworks */,
				9AE1359F1B27723000341E42 /* AudioToolbox.framework in Frameworks */,
				9AE1359D1B2771FA00341E42 /* Parse.framework in Frameworks */,
				9AE1359C1B2771FA00341E42 /* Bolts.framework in Frameworks */,
			);
			runOnlyForDeploymentPostprocessing = 0;
		};
		9AE1354E1B26B0D500341E42 /* Frameworks */ = {
			isa = PBXFrameworksBuildPhase;
			buildActionMask = 2147483647;
			files = (
			);
			runOnlyForDeploymentPostprocessing = 0;
		};
/* End PBXFrameworksBuildPhase section */

/* Begin PBXGroup section */
		7C32977B1B27DE0900A3AD37 /* Supporting Files */ = {
			isa = PBXGroup;
			children = (
				9A8C82DD1B27D7A700C659AB /* Info.plist */,
			);
			name = "Supporting Files";
			sourceTree = "<group>";
		};
		9AE1352F1B26B0D500341E42 = {
			isa = PBXGroup;
			children = (
				9AE1353A1B26B0D500341E42 /* Blisstagram */,
				9AE135391B26B0D500341E42 /* Products */,
				9AE135541B26B0D500341E42 /* BlisstagramTests */,
				9AE135991B2771E600341E42 /* Frameworks */,
			);
			sourceTree = "<group>";
		};
		9AE135391B26B0D500341E42 /* Products */ = {
			isa = PBXGroup;
			children = (
				9AE135381B26B0D500341E42 /* Blisstagram.app */,
				9AE135511B26B0D500341E42 /* BlisstagramTests.xctest */,
			);
			name = Products;
			sourceTree = "<group>";
		};
		9AE1353A1B26B0D500341E42 /* Blisstagram */ = {
			isa = PBXGroup;
			children = (
				9AE1353F1B26B0D500341E42 /* AppDelegate.h */,
				9AE135401B26B0D500341E42 /* AppDelegate.m */,
				9AE135C21B27A3D200341E42 /* HomeFeedTableViewController.h */,
				9AE135C31B27A3D200341E42 /* HomeFeedTableViewController.m */,
				9AE135451B26B0D500341E42 /* Main.storyboard */,
				9AE135C51B27B56100341E42 /* MainFeedTableViewCell.h */,
				9AE135C61B27B56100341E42 /* MainFeedTableViewCell.m */,
				9AE135481B26B0D500341E42 /* Images.xcassets */,
				9AE1354A1B26B0D500341E42 /* LaunchScreen.xib */,
				9AE1353B1B26B0D500341E42 /* Supporting Files */,
			);
			path = Blisstagram;
			sourceTree = "<group>";
		};
		9AE1353B1B26B0D500341E42 /* Supporting Files */ = {
			isa = PBXGroup;
			children = (
				9AE1353C1B26B0D500341E42 /* Info.plist */,
				9AE1353D1B26B0D500341E42 /* main.m */,
			);
			name = "Supporting Files";
			sourceTree = "<group>";
		};
		9AE135541B26B0D500341E42 /* BlisstagramTests */ = {
			isa = PBXGroup;
			children = (
				7C32977B1B27DE0900A3AD37 /* Supporting Files */,
				9AE135571B26B0D500341E42 /* BlisstagramTests.m */,
			);
			path = BlisstagramTests;
			sourceTree = "<group>";
		};
		9AE135991B2771E600341E42 /* Frameworks */ = {
			isa = PBXGroup;
			children = (
				9AE135B21B2772C700341E42 /* libsqlite3.dylib */,
				9AE135B01B2772AD00341E42 /* libz.dylib */,
				9AE135C01B27A3AB00341E42 /* ParseUI.framework */,
				9AE135AE1B2772A400341E42 /* SystemConfiguration.framework */,
				9AE135AC1B27729A00341E42 /* StoreKit.framework */,
				9AE135AA1B27729100341E42 /* Security.framework */,
				9AE135A81B27728900341E42 /* QuartzCore.framework */,
				9AE135A61B27727D00341E42 /* MobileCoreServices.framework */,
				9AE135A41B27726400341E42 /* CoreLocation.framework */,
				9AE135A21B27725300341E42 /* CoreGraphics.framework */,
				9AE135A01B27724100341E42 /* CFNetwork.framework */,
				9AE1359E1B27723000341E42 /* AudioToolbox.framework */,
				9AE1359A1B2771FA00341E42 /* Bolts.framework */,
				9AE1359B1B2771FA00341E42 /* Parse.framework */,
			);
			name = Frameworks;
			sourceTree = "<group>";
		};
/* End PBXGroup section */

/* Begin PBXNativeTarget section */
		9AE135371B26B0D500341E42 /* Blisstagram */ = {
			isa = PBXNativeTarget;
			buildConfigurationList = 9AE1355B1B26B0D500341E42 /* Build configuration list for PBXNativeTarget "Blisstagram" */;
			buildPhases = (
				9AE135341B26B0D500341E42 /* Sources */,
				9AE135351B26B0D500341E42 /* Frameworks */,
				9AE135361B26B0D500341E42 /* Resources */,
			);
			buildRules = (
			);
			dependencies = (
			);
			name = Blisstagram;
			productName = Blisstagram;
			productReference = 9AE135381B26B0D500341E42 /* Blisstagram.app */;
			productType = "com.apple.product-type.application";
		};
		9AE135501B26B0D500341E42 /* BlisstagramTests */ = {
			isa = PBXNativeTarget;
			buildConfigurationList = 9AE1355E1B26B0D500341E42 /* Build configuration list for PBXNativeTarget "BlisstagramTests" */;
			buildPhases = (
				9AE1354D1B26B0D500341E42 /* Sources */,
				9AE1354E1B26B0D500341E42 /* Frameworks */,
				9AE1354F1B26B0D500341E42 /* Resources */,
			);
			buildRules = (
			);
			dependencies = (
				9AE135531B26B0D500341E42 /* PBXTargetDependency */,
			);
			name = BlisstagramTests;
			productName = BlisstagramTests;
			productReference = 9AE135511B26B0D500341E42 /* BlisstagramTests.xctest */;
			productType = "com.apple.product-type.bundle.unit-test";
		};
/* End PBXNativeTarget section */

/* Begin PBXProject section */
		9AE135301B26B0D500341E42 /* Project object */ = {
			isa = PBXProject;
			attributes = {
				LastUpgradeCheck = 0630;
				ORGANIZATIONNAME = "___AndersChaplin___";
				TargetAttributes = {
					9AE135371B26B0D500341E42 = {
						CreatedOnToolsVersion = 6.3.2;
					};
					9AE135501B26B0D500341E42 = {
						CreatedOnToolsVersion = 6.3.2;
						TestTargetID = 9AE135371B26B0D500341E42;
					};
				};
			};
			buildConfigurationList = 9AE135331B26B0D500341E42 /* Build configuration list for PBXProject "Blisstagram" */;
			compatibilityVersion = "Xcode 3.2";
			developmentRegion = English;
			hasScannedForEncodings = 0;
			knownRegions = (
				en,
				Base,
			);
			mainGroup = 9AE1352F1B26B0D500341E42;
			productRefGroup = 9AE135391B26B0D500341E42 /* Products */;
			projectDirPath = "";
			projectRoot = "";
			targets = (
				9AE135371B26B0D500341E42 /* Blisstagram */,
				9AE135501B26B0D500341E42 /* BlisstagramTests */,
			);
		};
/* End PBXProject section */

/* Begin PBXResourcesBuildPhase section */
		9AE135361B26B0D500341E42 /* Resources */ = {
			isa = PBXResourcesBuildPhase;
			buildActionMask = 2147483647;
			files = (
				9AE135471B26B0D500341E42 /* Main.storyboard in Resources */,
				9AE1354C1B26B0D500341E42 /* LaunchScreen.xib in Resources */,
				9AE135491B26B0D500341E42 /* Images.xcassets in Resources */,
			);
			runOnlyForDeploymentPostprocessing = 0;
		};
		9AE1354F1B26B0D500341E42 /* Resources */ = {
			isa = PBXResourcesBuildPhase;
			buildActionMask = 2147483647;
			files = (
			);
			runOnlyForDeploymentPostprocessing = 0;
		};
/* End PBXResourcesBuildPhase section */

/* Begin PBXSourcesBuildPhase section */
		9AE135341B26B0D500341E42 /* Sources */ = {
			isa = PBXSourcesBuildPhase;
			buildActionMask = 2147483647;
			files = (
				9AE135C41B27A3D200341E42 /* HomeFeedTableViewController.m in Sources */,
				9AE135411B26B0D500341E42 /* AppDelegate.m in Sources */,
				9AE135C71B27B56100341E42 /* MainFeedTableViewCell.m in Sources */,
				9AE1353E1B26B0D500341E42 /* main.m in Sources */,
			);
			runOnlyForDeploymentPostprocessing = 0;
		};
		9AE1354D1B26B0D500341E42 /* Sources */ = {
			isa = PBXSourcesBuildPhase;
			buildActionMask = 2147483647;
			files = (
				9AE135581B26B0D500341E42 /* BlisstagramTests.m in Sources */,
			);
			runOnlyForDeploymentPostprocessing = 0;
		};
/* End PBXSourcesBuildPhase section */

/* Begin PBXTargetDependency section */
		9AE135531B26B0D500341E42 /* PBXTargetDependency */ = {
			isa = PBXTargetDependency;
			target = 9AE135371B26B0D500341E42 /* Blisstagram */;
			targetProxy = 9AE135521B26B0D500341E42 /* PBXContainerItemProxy */;
		};
/* End PBXTargetDependency section */

/* Begin PBXVariantGroup section */
		9AE135451B26B0D500341E42 /* Main.storyboard */ = {
			isa = PBXVariantGroup;
			children = (
				9AE135461B26B0D500341E42 /* Base */,
			);
			name = Main.storyboard;
			sourceTree = "<group>";
		};
		9AE1354A1B26B0D500341E42 /* LaunchScreen.xib */ = {
			isa = PBXVariantGroup;
			children = (
				9AE1354B1B26B0D500341E42 /* Base */,
			);
			name = LaunchScreen.xib;
			sourceTree = "<group>";
		};
/* End PBXVariantGroup section */

/* Begin XCBuildConfiguration section */
		9AE135591B26B0D500341E42 /* Debug */ = {
			isa = XCBuildConfiguration;
			buildSettings = {
				ALWAYS_SEARCH_USER_PATHS = NO;
				CLANG_CXX_LANGUAGE_STANDARD = "gnu++0x";
				CLANG_CXX_LIBRARY = "libc++";
				CLANG_ENABLE_MODULES = YES;
				CLANG_ENABLE_OBJC_ARC = YES;
				CLANG_WARN_BOOL_CONVERSION = YES;
				CLANG_WARN_CONSTANT_CONVERSION = YES;
				CLANG_WARN_DIRECT_OBJC_ISA_USAGE = YES_ERROR;
				CLANG_WARN_EMPTY_BODY = YES;
				CLANG_WARN_ENUM_CONVERSION = YES;
				CLANG_WARN_INT_CONVERSION = YES;
				CLANG_WARN_OBJC_ROOT_CLASS = YES_ERROR;
				CLANG_WARN_UNREACHABLE_CODE = YES;
				CLANG_WARN__DUPLICATE_METHOD_MATCH = YES;
				"CODE_SIGN_IDENTITY[sdk=iphoneos*]" = "iPhone Developer";
				COPY_PHASE_STRIP = NO;
				DEBUG_INFORMATION_FORMAT = "dwarf-with-dsym";
				ENABLE_STRICT_OBJC_MSGSEND = YES;
				GCC_C_LANGUAGE_STANDARD = gnu99;
				GCC_DYNAMIC_NO_PIC = NO;
				GCC_NO_COMMON_BLOCKS = YES;
				GCC_OPTIMIZATION_LEVEL = 0;
				GCC_PREPROCESSOR_DEFINITIONS = (
					"DEBUG=1",
					"$(inherited)",
				);
				GCC_SYMBOLS_PRIVATE_EXTERN = NO;
				GCC_WARN_64_TO_32_BIT_CONVERSION = YES;
				GCC_WARN_ABOUT_RETURN_TYPE = YES_ERROR;
				GCC_WARN_UNDECLARED_SELECTOR = YES;
				GCC_WARN_UNINITIALIZED_AUTOS = YES_AGGRESSIVE;
				GCC_WARN_UNUSED_FUNCTION = YES;
				GCC_WARN_UNUSED_VARIABLE = YES;
				IPHONEOS_DEPLOYMENT_TARGET = 8.3;
				MTL_ENABLE_DEBUG_INFO = YES;
				ONLY_ACTIVE_ARCH = YES;
				SDKROOT = iphoneos;
				TARGETED_DEVICE_FAMILY = "1,2";
			};
			name = Debug;
		};
		9AE1355A1B26B0D500341E42 /* Release */ = {
			isa = XCBuildConfiguration;
			buildSettings = {
				ALWAYS_SEARCH_USER_PATHS = NO;
				CLANG_CXX_LANGUAGE_STANDARD = "gnu++0x";
				CLANG_CXX_LIBRARY = "libc++";
				CLANG_ENABLE_MODULES = YES;
				CLANG_ENABLE_OBJC_ARC = YES;
				CLANG_WARN_BOOL_CONVERSION = YES;
				CLANG_WARN_CONSTANT_CONVERSION = YES;
				CLANG_WARN_DIRECT_OBJC_ISA_USAGE = YES_ERROR;
				CLANG_WARN_EMPTY_BODY = YES;
				CLANG_WARN_ENUM_CONVERSION = YES;
				CLANG_WARN_INT_CONVERSION = YES;
				CLANG_WARN_OBJC_ROOT_CLASS = YES_ERROR;
				CLANG_WARN_UNREACHABLE_CODE = YES;
				CLANG_WARN__DUPLICATE_METHOD_MATCH = YES;
				"CODE_SIGN_IDENTITY[sdk=iphoneos*]" = "iPhone Developer";
				COPY_PHASE_STRIP = NO;
				DEBUG_INFORMATION_FORMAT = "dwarf-with-dsym";
				ENABLE_NS_ASSERTIONS = NO;
				ENABLE_STRICT_OBJC_MSGSEND = YES;
				GCC_C_LANGUAGE_STANDARD = gnu99;
				GCC_NO_COMMON_BLOCKS = YES;
				GCC_WARN_64_TO_32_BIT_CONVERSION = YES;
				GCC_WARN_ABOUT_RETURN_TYPE = YES_ERROR;
				GCC_WARN_UNDECLARED_SELECTOR = YES;
				GCC_WARN_UNINITIALIZED_AUTOS = YES_AGGRESSIVE;
				GCC_WARN_UNUSED_FUNCTION = YES;
				GCC_WARN_UNUSED_VARIABLE = YES;
				IPHONEOS_DEPLOYMENT_TARGET = 8.3;
				MTL_ENABLE_DEBUG_INFO = NO;
				SDKROOT = iphoneos;
				TARGETED_DEVICE_FAMILY = "1,2";
				VALIDATE_PRODUCT = YES;
			};
			name = Release;
		};
		9AE1355C1B26B0D500341E42 /* Debug */ = {
			isa = XCBuildConfiguration;
			buildSettings = {
				ASSETCATALOG_COMPILER_APPICON_NAME = AppIcon;
				FRAMEWORK_SEARCH_PATHS = (
					"$(inherited)",
					"$(PROJECT_DIR)",
				);
				INFOPLIST_FILE = Blisstagram/Info.plist;
				LD_RUNPATH_SEARCH_PATHS = "$(inherited) @executable_path/Frameworks";
				PRODUCT_NAME = "$(TARGET_NAME)";
			};
			name = Debug;
		};
		9AE1355D1B26B0D500341E42 /* Release */ = {
			isa = XCBuildConfiguration;
			buildSettings = {
				ASSETCATALOG_COMPILER_APPICON_NAME = AppIcon;
				FRAMEWORK_SEARCH_PATHS = (
					"$(inherited)",
					"$(PROJECT_DIR)",
				);
				INFOPLIST_FILE = Blisstagram/Info.plist;
				LD_RUNPATH_SEARCH_PATHS = "$(inherited) @executable_path/Frameworks";
				PRODUCT_NAME = "$(TARGET_NAME)";
			};
			name = Release;
		};
		9AE1355F1B26B0D500341E42 /* Debug */ = {
			isa = XCBuildConfiguration;
			buildSettings = {
				BUNDLE_LOADER = "$(TEST_HOST)";
				FRAMEWORK_SEARCH_PATHS = (
					"$(SDKROOT)/Developer/Library/Frameworks",
					"$(inherited)",
				);
				GCC_PREPROCESSOR_DEFINITIONS = (
					"DEBUG=1",
					"$(inherited)",
				);
				INFOPLIST_FILE = BlisstagramTests/Info.plist;
				LD_RUNPATH_SEARCH_PATHS = "$(inherited) @executable_path/Frameworks @loader_path/Frameworks";
				PRODUCT_NAME = "$(TARGET_NAME)";
				TEST_HOST = "$(BUILT_PRODUCTS_DIR)/Blisstagram.app/Blisstagram";
			};
			name = Debug;
		};
		9AE135601B26B0D500341E42 /* Release */ = {
			isa = XCBuildConfiguration;
			buildSettings = {
				BUNDLE_LOADER = "$(TEST_HOST)";
				FRAMEWORK_SEARCH_PATHS = (
					"$(SDKROOT)/Developer/Library/Frameworks",
					"$(inherited)",
				);
				INFOPLIST_FILE = BlisstagramTests/Info.plist;
				LD_RUNPATH_SEARCH_PATHS = "$(inherited) @executable_path/Frameworks @loader_path/Frameworks";
				PRODUCT_NAME = "$(TARGET_NAME)";
				TEST_HOST = "$(BUILT_PRODUCTS_DIR)/Blisstagram.app/Blisstagram";
			};
			name = Release;
		};
/* End XCBuildConfiguration section */

/* Begin XCConfigurationList section */
		9AE135331B26B0D500341E42 /* Build configuration list for PBXProject "Blisstagram" */ = {
			isa = XCConfigurationList;
			buildConfigurations = (
				9AE135591B26B0D500341E42 /* Debug */,
				9AE1355A1B26B0D500341E42 /* Release */,
			);
			defaultConfigurationIsVisible = 0;
			defaultConfigurationName = Release;
		};
		9AE1355B1B26B0D500341E42 /* Build configuration list for PBXNativeTarget "Blisstagram" */ = {
			isa = XCConfigurationList;
			buildConfigurations = (
				9AE1355C1B26B0D500341E42 /* Debug */,
				9AE1355D1B26B0D500341E42 /* Release */,
			);
			defaultConfigurationIsVisible = 0;
			defaultConfigurationName = Release;
		};
		9AE1355E1B26B0D500341E42 /* Build configuration list for PBXNativeTarget "BlisstagramTests" */ = {
			isa = XCConfigurationList;
			buildConfigurations = (
				9AE1355F1B26B0D500341E42 /* Debug */,
				9AE135601B26B0D500341E42 /* Release */,
			);
			defaultConfigurationIsVisible = 0;
			defaultConfigurationName = Release;
		};
/* End XCConfigurationList section */
	};
	rootObject = 9AE135301B26B0D500341E42 /* Project object */;
}
